
Microsoft Visual Studio Solution File, Format Version 12.00
# Visual Studio 15
VisualStudioVersion = 15.0.26730.16
MinimumVisualStudioVersion = 10.0.40219.1
Project("{FAE04EC0-301F-11D3-BF4B-00C04F79EFBC}") = "01.RemoveNegativesReverse", "01.RemoveNegativesReverse\01.RemoveNegativesReverse.csproj", "{A75F6483-1087-48EA-97C8-F59CA0D78B5F}"
EndProject
Project("{FAE04EC0-301F-11D3-BF4B-00C04F79EFBC}") = "02.AppendList", "02.AppendList\02.AppendList.csproj", "{656FB710-5C76-4DBF-90CC-E1ED6C973729}"
EndProject
Project("{FAE04EC0-301F-11D3-BF4B-00C04F79EFBC}") = "03.SumAdjacentEqualNumbers", "03.SumAdjacentEqualNumbers\03.SumAdjacentEqualNumbers.csproj", "{71DDE9B4-227B-4278-B840-A8F1B4AE9749}"
EndProject
Project("{FAE04EC0-301F-11D3-BF4B-00C04F79EFBC}") = "04.SplitByCasing", "04.SplitByCasing\04.SplitByCasing.csproj", "{2A081E8E-14F0-43C0-8290-92CD51290B4C}"
EndProject
Project("{FAE04EC0-301F-11D3-BF4B-00C04F79EFBC}") = "07.CountNumbers", "07.CountNumbers\07.CountNumbers.csproj", "{665C5AB9-D8C5-4201-9D88-73E934CC2F12}"
EndProject
Global
	GlobalSection(SolutionConfigurationPlatforms) = preSolution
		Debug|Any CPU = Debug|Any CPU
		Release|Any CPU = Release|Any CPU
	EndGlobalSection
	GlobalSection(ProjectConfigurationPlatforms) = postSolution
		{A75F6483-1087-48EA-97C8-F59CA0D78B5F}.Debug|Any CPU.ActiveCfg = Debug|Any CPU
		{A75F6483-1087-48EA-97C8-F59CA0D78B5F}.Debug|Any CPU.Build.0 = Debug|Any CPU
		{A75F6483-1087-48EA-97C8-F59CA0D78B5F}.Release|Any CPU.ActiveCfg = Release|Any CPU
		{A75F6483-1087-48EA-97C8-F59CA0D78B5F}.Release|Any CPU.Build.0 = Release|Any CPU
		{656FB710-5C76-4DBF-90CC-E1ED6C973729}.Debug|Any CPU.ActiveCfg = Debug|Any CPU
		{656FB710-5C76-4DBF-90CC-E1ED6C973729}.Debug|Any CPU.Build.0 = Debug|Any CPU
		{656FB710-5C76-4DBF-90CC-E1ED6C973729}.Release|Any CPU.ActiveCfg = Release|Any CPU
		{656FB710-5C76-4DBF-90CC-E1ED6C973729}.Release|Any CPU.Build.0 = Release|Any CPU
		{71DDE9B4-227B-4278-B840-A8F1B4AE9749}.Debug|Any CPU.ActiveCfg = Debug|Any CPU
		{71DDE9B4-227B-4278-B840-A8F1B4AE9749}.Debug|Any CPU.Build.0 = Debug|Any CPU
		{71DDE9B4-227B-4278-B840-A8F1B4AE9749}.Release|Any CPU.ActiveCfg = Release|Any CPU
		{71DDE9B4-227B-4278-B840-A8F1B4AE9749}.Release|Any CPU.Build.0 = Release|Any CPU
		{2A081E8E-14F0-43C0-8290-92CD51290B4C}.Debug|Any CPU.ActiveCfg = Debug|Any CPU
		{2A081E8E-14F0-43C0-8290-92CD51290B4C}.Debug|Any CPU.Build.0 = Debug|Any CPU
		{2A081E8E-14F0-43C0-8290-92CD51290B4C}.Release|Any CPU.ActiveCfg = Release|Any CPU
		{2A081E8E-14F0-43C0-8290-92CD51290B4C}.Release|Any CPU.Build.0 = Release|Any CPU
		{665C5AB9-D8C5-4201-9D88-73E934CC2F12}.Debug|Any CPU.ActiveCfg = Debug|Any CPU
		{665C5AB9-D8C5-4201-9D88-73E934CC2F12}.Debug|Any CPU.Build.0 = Debug|Any CPU
		{665C5AB9-D8C5-4201-9D88-73E934CC2F12}.Release|Any CPU.ActiveCfg = Release|Any CPU
		{665C5AB9-D8C5-4201-9D88-73E934CC2F12}.Release|Any CPU.Build.0 = Release|Any CPU
	EndGlobalSection
	GlobalSection(SolutionProperties) = preSolution
		HideSolutionNode = FALSE
	EndGlobalSection
	GlobalSection(ExtensibilityGlobals) = postSolution
		SolutionGuid = {5DFE7F20-691C-4D4C-9E1E-C99D4DF1034C}
	EndGlobalSection
EndGlobal
