
Microsoft Visual Studio Solution File, Format Version 12.00
# Visual Studio 15
VisualStudioVersion = 15.0.26730.16
MinimumVisualStudioVersion = 10.0.40219.1
Project("{FAE04EC0-301F-11D3-BF4B-00C04F79EFBC}") = "Cash receipt", "Cash receipt\Cash receipt.csproj", "{169C2F6B-DEED-4EC6-B64F-FC612FB65210}"
EndProject
Project("{FAE04EC0-301F-11D3-BF4B-00C04F79EFBC}") = "SignOfInt", "SignOfInt\SignOfInt.csproj", "{36A6904C-80B9-43C2-9227-EB4546D78D54}"
EndProject
Project("{FAE04EC0-301F-11D3-BF4B-00C04F79EFBC}") = "PrintTriangle", "PrintTriangle\PrintTriangle.csproj", "{A1842B33-E8BC-4B78-8965-D658F234BDEE}"
EndProject
Project("{FAE04EC0-301F-11D3-BF4B-00C04F79EFBC}") = "DrawFilledSquare", "DrawFilledSquare\DrawFilledSquare.csproj", "{74FE43AA-9007-47D1-8B41-2CE484F94352}"
EndProject
Project("{FAE04EC0-301F-11D3-BF4B-00C04F79EFBC}") = "TemperatureConversion", "TemperatureConversion\TemperatureConversion.csproj", "{977CB6D3-B2A3-45C5-83D0-D17C70F30DE6}"
EndProject
Project("{FAE04EC0-301F-11D3-BF4B-00C04F79EFBC}") = "TriangleArea", "TriangleArea\TriangleArea.csproj", "{00FCF9D7-5ABC-4CAA-B819-0A3EE77595FD}"
EndProject
Project("{FAE04EC0-301F-11D3-BF4B-00C04F79EFBC}") = "MathPower", "MathPower\MathPower.csproj", "{C36A9331-D9AA-405B-80E5-45305057FDE7}"
EndProject
Project("{FAE04EC0-301F-11D3-BF4B-00C04F79EFBC}") = "GreaterOfTwoValues", "GreaterOfTwoValues\GreaterOfTwoValues.csproj", "{CC9805C1-88F6-48C1-AAB0-F4F60727B688}"
EndProject
Project("{FAE04EC0-301F-11D3-BF4B-00C04F79EFBC}") = "MultiplyEvensByOdds", "MultiplyEvensByOdds\MultiplyEvensByOdds.csproj", "{A01C2310-2D60-4836-ADC9-093F2D5BC0AF}"
EndProject
Project("{FAE04EC0-301F-11D3-BF4B-00C04F79EFBC}") = "HolidaysBetweenDates", "HolidaysBetweenDates\HolidaysBetweenDates.csproj", "{167D3CF3-EDA0-4B0C-A917-925F69984EDA}"
EndProject
Project("{FAE04EC0-301F-11D3-BF4B-00C04F79EFBC}") = "PriceChangeAlert", "PriceChangeAlert\PriceChangeAlert.csproj", "{CAC161F7-2B41-48BF-82EE-ECE7A3F9804D}"
EndProject
Global
	GlobalSection(SolutionConfigurationPlatforms) = preSolution
		Debug|Any CPU = Debug|Any CPU
		Release|Any CPU = Release|Any CPU
	EndGlobalSection
	GlobalSection(ProjectConfigurationPlatforms) = postSolution
		{169C2F6B-DEED-4EC6-B64F-FC612FB65210}.Debug|Any CPU.ActiveCfg = Debug|Any CPU
		{169C2F6B-DEED-4EC6-B64F-FC612FB65210}.Debug|Any CPU.Build.0 = Debug|Any CPU
		{169C2F6B-DEED-4EC6-B64F-FC612FB65210}.Release|Any CPU.ActiveCfg = Release|Any CPU
		{169C2F6B-DEED-4EC6-B64F-FC612FB65210}.Release|Any CPU.Build.0 = Release|Any CPU
		{36A6904C-80B9-43C2-9227-EB4546D78D54}.Debug|Any CPU.ActiveCfg = Debug|Any CPU
		{36A6904C-80B9-43C2-9227-EB4546D78D54}.Debug|Any CPU.Build.0 = Debug|Any CPU
		{36A6904C-80B9-43C2-9227-EB4546D78D54}.Release|Any CPU.ActiveCfg = Release|Any CPU
		{36A6904C-80B9-43C2-9227-EB4546D78D54}.Release|Any CPU.Build.0 = Release|Any CPU
		{A1842B33-E8BC-4B78-8965-D658F234BDEE}.Debug|Any CPU.ActiveCfg = Debug|Any CPU
		{A1842B33-E8BC-4B78-8965-D658F234BDEE}.Debug|Any CPU.Build.0 = Debug|Any CPU
		{A1842B33-E8BC-4B78-8965-D658F234BDEE}.Release|Any CPU.ActiveCfg = Release|Any CPU
		{A1842B33-E8BC-4B78-8965-D658F234BDEE}.Release|Any CPU.Build.0 = Release|Any CPU
		{74FE43AA-9007-47D1-8B41-2CE484F94352}.Debug|Any CPU.ActiveCfg = Debug|Any CPU
		{74FE43AA-9007-47D1-8B41-2CE484F94352}.Debug|Any CPU.Build.0 = Debug|Any CPU
		{74FE43AA-9007-47D1-8B41-2CE484F94352}.Release|Any CPU.ActiveCfg = Release|Any CPU
		{74FE43AA-9007-47D1-8B41-2CE484F94352}.Release|Any CPU.Build.0 = Release|Any CPU
		{977CB6D3-B2A3-45C5-83D0-D17C70F30DE6}.Debug|Any CPU.ActiveCfg = Debug|Any CPU
		{977CB6D3-B2A3-45C5-83D0-D17C70F30DE6}.Debug|Any CPU.Build.0 = Debug|Any CPU
		{977CB6D3-B2A3-45C5-83D0-D17C70F30DE6}.Release|Any CPU.ActiveCfg = Release|Any CPU
		{977CB6D3-B2A3-45C5-83D0-D17C70F30DE6}.Release|Any CPU.Build.0 = Release|Any CPU
		{00FCF9D7-5ABC-4CAA-B819-0A3EE77595FD}.Debug|Any CPU.ActiveCfg = Debug|Any CPU
		{00FCF9D7-5ABC-4CAA-B819-0A3EE77595FD}.Debug|Any CPU.Build.0 = Debug|Any CPU
		{00FCF9D7-5ABC-4CAA-B819-0A3EE77595FD}.Release|Any CPU.ActiveCfg = Release|Any CPU
		{00FCF9D7-5ABC-4CAA-B819-0A3EE77595FD}.Release|Any CPU.Build.0 = Release|Any CPU
		{C36A9331-D9AA-405B-80E5-45305057FDE7}.Debug|Any CPU.ActiveCfg = Debug|Any CPU
		{C36A9331-D9AA-405B-80E5-45305057FDE7}.Debug|Any CPU.Build.0 = Debug|Any CPU
		{C36A9331-D9AA-405B-80E5-45305057FDE7}.Release|Any CPU.ActiveCfg = Release|Any CPU
		{C36A9331-D9AA-405B-80E5-45305057FDE7}.Release|Any CPU.Build.0 = Release|Any CPU
		{CC9805C1-88F6-48C1-AAB0-F4F60727B688}.Debug|Any CPU.ActiveCfg = Debug|Any CPU
		{CC9805C1-88F6-48C1-AAB0-F4F60727B688}.Debug|Any CPU.Build.0 = Debug|Any CPU
		{CC9805C1-88F6-48C1-AAB0-F4F60727B688}.Release|Any CPU.ActiveCfg = Release|Any CPU
		{CC9805C1-88F6-48C1-AAB0-F4F60727B688}.Release|Any CPU.Build.0 = Release|Any CPU
		{A01C2310-2D60-4836-ADC9-093F2D5BC0AF}.Debug|Any CPU.ActiveCfg = Debug|Any CPU
		{A01C2310-2D60-4836-ADC9-093F2D5BC0AF}.Debug|Any CPU.Build.0 = Debug|Any CPU
		{A01C2310-2D60-4836-ADC9-093F2D5BC0AF}.Release|Any CPU.ActiveCfg = Release|Any CPU
		{A01C2310-2D60-4836-ADC9-093F2D5BC0AF}.Release|Any CPU.Build.0 = Release|Any CPU
		{167D3CF3-EDA0-4B0C-A917-925F69984EDA}.Debug|Any CPU.ActiveCfg = Debug|Any CPU
		{167D3CF3-EDA0-4B0C-A917-925F69984EDA}.Debug|Any CPU.Build.0 = Debug|Any CPU
		{167D3CF3-EDA0-4B0C-A917-925F69984EDA}.Release|Any CPU.ActiveCfg = Release|Any CPU
		{167D3CF3-EDA0-4B0C-A917-925F69984EDA}.Release|Any CPU.Build.0 = Release|Any CPU
		{CAC161F7-2B41-48BF-82EE-ECE7A3F9804D}.Debug|Any CPU.ActiveCfg = Debug|Any CPU
		{CAC161F7-2B41-48BF-82EE-ECE7A3F9804D}.Debug|Any CPU.Build.0 = Debug|Any CPU
		{CAC161F7-2B41-48BF-82EE-ECE7A3F9804D}.Release|Any CPU.ActiveCfg = Release|Any CPU
		{CAC161F7-2B41-48BF-82EE-ECE7A3F9804D}.Release|Any CPU.Build.0 = Release|Any CPU
	EndGlobalSection
	GlobalSection(SolutionProperties) = preSolution
		HideSolutionNode = FALSE
	EndGlobalSection
	GlobalSection(ExtensibilityGlobals) = postSolution
		SolutionGuid = {F78D2D37-947C-47A5-9231-0B61A8653D61}
	EndGlobalSection
EndGlobal
