
Microsoft Visual Studio Solution File, Format Version 12.00
# Visual Studio 15
VisualStudioVersion = 15.0.26730.16
MinimumVisualStudioVersion = 10.0.40219.1
Project("{FAE04EC0-301F-11D3-BF4B-00C04F79EFBC}") = "01.LargestCommonEnd", "01.LargestCommonEnd\01.LargestCommonEnd.csproj", "{522F0E9C-499E-4CF6-8F24-39499B9542FB}"
EndProject
Project("{FAE04EC0-301F-11D3-BF4B-00C04F79EFBC}") = "02.RotateAndSum", "02.RotateAndSum\02.RotateAndSum.csproj", "{EA8422B2-70E6-4D94-BB85-486BE8C53193}"
EndProject
Project("{FAE04EC0-301F-11D3-BF4B-00C04F79EFBC}") = "03.FoldAndSum", "03.FoldAndSum\03.FoldAndSum.csproj", "{13A776FC-2089-44BC-88B6-301632015B9A}"
EndProject
Project("{FAE04EC0-301F-11D3-BF4B-00C04F79EFBC}") = "04.SieveOfErastosthenes", "04.SieveOfErastosthenes\04.SieveOfErastosthenes.csproj", "{922C44CD-6DD9-41B9-A686-5A34D50B36AC}"
EndProject
Project("{FAE04EC0-301F-11D3-BF4B-00C04F79EFBC}") = "05.CompareCharArrays", "05.CompareCharArrays\05.CompareCharArrays.csproj", "{6155E03A-2883-4639-B991-396E9F39007A}"
EndProject
Project("{FAE04EC0-301F-11D3-BF4B-00C04F79EFBC}") = "06.MaxSequence", "06.MaxSequence\06.MaxSequence.csproj", "{0FE83A05-B75F-4D2B-8FFD-836BDB311659}"
EndProject
Project("{FAE04EC0-301F-11D3-BF4B-00C04F79EFBC}") = "07.MaxSequenceOfIncreasingElements", "07.MaxSequenceOfIncreasingElements\07.MaxSequenceOfIncreasingElements.csproj", "{A0BE0BFF-8F38-48B3-8BC7-50DBA0BECCE4}"
EndProject
Project("{FAE04EC0-301F-11D3-BF4B-00C04F79EFBC}") = "08.MostFrequentNumber", "08.MostFrequentNumber\08.MostFrequentNumber.csproj", "{799B82EC-82CE-42BB-82DF-50C746A08134}"
EndProject
Project("{FAE04EC0-301F-11D3-BF4B-00C04F79EFBC}") = "09.IndexOfLetters", "09.IndexOfLetters\09.IndexOfLetters.csproj", "{325CB16D-B103-47FD-83F7-0AD8FE844375}"
EndProject
Project("{FAE04EC0-301F-11D3-BF4B-00C04F79EFBC}") = "10.PairsByDifference", "10.PairsByDifference\10.PairsByDifference.csproj", "{F907E9A8-20FF-4691-B5EE-D160A1D9B0E5}"
EndProject
Project("{FAE04EC0-301F-11D3-BF4B-00C04F79EFBC}") = "11.EqualSums", "11.EqualSums\11.EqualSums.csproj", "{FE85E6AD-23E6-422E-9311-0CDEB44F79E3}"
EndProject
Global
	GlobalSection(SolutionConfigurationPlatforms) = preSolution
		Debug|Any CPU = Debug|Any CPU
		Release|Any CPU = Release|Any CPU
	EndGlobalSection
	GlobalSection(ProjectConfigurationPlatforms) = postSolution
		{522F0E9C-499E-4CF6-8F24-39499B9542FB}.Debug|Any CPU.ActiveCfg = Debug|Any CPU
		{522F0E9C-499E-4CF6-8F24-39499B9542FB}.Debug|Any CPU.Build.0 = Debug|Any CPU
		{522F0E9C-499E-4CF6-8F24-39499B9542FB}.Release|Any CPU.ActiveCfg = Release|Any CPU
		{522F0E9C-499E-4CF6-8F24-39499B9542FB}.Release|Any CPU.Build.0 = Release|Any CPU
		{EA8422B2-70E6-4D94-BB85-486BE8C53193}.Debug|Any CPU.ActiveCfg = Debug|Any CPU
		{EA8422B2-70E6-4D94-BB85-486BE8C53193}.Debug|Any CPU.Build.0 = Debug|Any CPU
		{EA8422B2-70E6-4D94-BB85-486BE8C53193}.Release|Any CPU.ActiveCfg = Release|Any CPU
		{EA8422B2-70E6-4D94-BB85-486BE8C53193}.Release|Any CPU.Build.0 = Release|Any CPU
		{13A776FC-2089-44BC-88B6-301632015B9A}.Debug|Any CPU.ActiveCfg = Debug|Any CPU
		{13A776FC-2089-44BC-88B6-301632015B9A}.Debug|Any CPU.Build.0 = Debug|Any CPU
		{13A776FC-2089-44BC-88B6-301632015B9A}.Release|Any CPU.ActiveCfg = Release|Any CPU
		{13A776FC-2089-44BC-88B6-301632015B9A}.Release|Any CPU.Build.0 = Release|Any CPU
		{922C44CD-6DD9-41B9-A686-5A34D50B36AC}.Debug|Any CPU.ActiveCfg = Debug|Any CPU
		{922C44CD-6DD9-41B9-A686-5A34D50B36AC}.Debug|Any CPU.Build.0 = Debug|Any CPU
		{922C44CD-6DD9-41B9-A686-5A34D50B36AC}.Release|Any CPU.ActiveCfg = Release|Any CPU
		{922C44CD-6DD9-41B9-A686-5A34D50B36AC}.Release|Any CPU.Build.0 = Release|Any CPU
		{6155E03A-2883-4639-B991-396E9F39007A}.Debug|Any CPU.ActiveCfg = Debug|Any CPU
		{6155E03A-2883-4639-B991-396E9F39007A}.Debug|Any CPU.Build.0 = Debug|Any CPU
		{6155E03A-2883-4639-B991-396E9F39007A}.Release|Any CPU.ActiveCfg = Release|Any CPU
		{6155E03A-2883-4639-B991-396E9F39007A}.Release|Any CPU.Build.0 = Release|Any CPU
		{0FE83A05-B75F-4D2B-8FFD-836BDB311659}.Debug|Any CPU.ActiveCfg = Debug|Any CPU
		{0FE83A05-B75F-4D2B-8FFD-836BDB311659}.Debug|Any CPU.Build.0 = Debug|Any CPU
		{0FE83A05-B75F-4D2B-8FFD-836BDB311659}.Release|Any CPU.ActiveCfg = Release|Any CPU
		{0FE83A05-B75F-4D2B-8FFD-836BDB311659}.Release|Any CPU.Build.0 = Release|Any CPU
		{A0BE0BFF-8F38-48B3-8BC7-50DBA0BECCE4}.Debug|Any CPU.ActiveCfg = Debug|Any CPU
		{A0BE0BFF-8F38-48B3-8BC7-50DBA0BECCE4}.Debug|Any CPU.Build.0 = Debug|Any CPU
		{A0BE0BFF-8F38-48B3-8BC7-50DBA0BECCE4}.Release|Any CPU.ActiveCfg = Release|Any CPU
		{A0BE0BFF-8F38-48B3-8BC7-50DBA0BECCE4}.Release|Any CPU.Build.0 = Release|Any CPU
		{799B82EC-82CE-42BB-82DF-50C746A08134}.Debug|Any CPU.ActiveCfg = Debug|Any CPU
		{799B82EC-82CE-42BB-82DF-50C746A08134}.Debug|Any CPU.Build.0 = Debug|Any CPU
		{799B82EC-82CE-42BB-82DF-50C746A08134}.Release|Any CPU.ActiveCfg = Release|Any CPU
		{799B82EC-82CE-42BB-82DF-50C746A08134}.Release|Any CPU.Build.0 = Release|Any CPU
		{325CB16D-B103-47FD-83F7-0AD8FE844375}.Debug|Any CPU.ActiveCfg = Debug|Any CPU
		{325CB16D-B103-47FD-83F7-0AD8FE844375}.Debug|Any CPU.Build.0 = Debug|Any CPU
		{325CB16D-B103-47FD-83F7-0AD8FE844375}.Release|Any CPU.ActiveCfg = Release|Any CPU
		{325CB16D-B103-47FD-83F7-0AD8FE844375}.Release|Any CPU.Build.0 = Release|Any CPU
		{F907E9A8-20FF-4691-B5EE-D160A1D9B0E5}.Debug|Any CPU.ActiveCfg = Debug|Any CPU
		{F907E9A8-20FF-4691-B5EE-D160A1D9B0E5}.Debug|Any CPU.Build.0 = Debug|Any CPU
		{F907E9A8-20FF-4691-B5EE-D160A1D9B0E5}.Release|Any CPU.ActiveCfg = Release|Any CPU
		{F907E9A8-20FF-4691-B5EE-D160A1D9B0E5}.Release|Any CPU.Build.0 = Release|Any CPU
		{FE85E6AD-23E6-422E-9311-0CDEB44F79E3}.Debug|Any CPU.ActiveCfg = Debug|Any CPU
		{FE85E6AD-23E6-422E-9311-0CDEB44F79E3}.Debug|Any CPU.Build.0 = Debug|Any CPU
		{FE85E6AD-23E6-422E-9311-0CDEB44F79E3}.Release|Any CPU.ActiveCfg = Release|Any CPU
		{FE85E6AD-23E6-422E-9311-0CDEB44F79E3}.Release|Any CPU.Build.0 = Release|Any CPU
	EndGlobalSection
	GlobalSection(SolutionProperties) = preSolution
		HideSolutionNode = FALSE
	EndGlobalSection
	GlobalSection(ExtensibilityGlobals) = postSolution
		SolutionGuid = {878F6806-B2EA-4AF5-A7AB-700A892321E3}
	EndGlobalSection
EndGlobal
