
Microsoft Visual Studio Solution File, Format Version 12.00
# Visual Studio 15
VisualStudioVersion = 15.0.26730.16
MinimumVisualStudioVersion = 10.0.40219.1
Project("{FAE04EC0-301F-11D3-BF4B-00C04F79EFBC}") = "01.CountRealNums", "01.CountRealNums\01.CountRealNums.csproj", "{67772BEE-60CF-4E27-A4B9-37C4A978DFAC}"
EndProject
Project("{FAE04EC0-301F-11D3-BF4B-00C04F79EFBC}") = "02.OddOccurencies", "02.OddOccurencies\02.OddOccurencies.csproj", "{31EA4EE3-0900-4AA0-9CEA-354F46ED9AEA}"
EndProject
Project("{FAE04EC0-301F-11D3-BF4B-00C04F79EFBC}") = "03.SumMinMxAverage", "03.SumMinMxAverage\03.SumMinMxAverage.csproj", "{1A7115B2-CFDF-4567-B371-AD41D57CD7FD}"
EndProject
Project("{FAE04EC0-301F-11D3-BF4B-00C04F79EFBC}") = "04.Largest3", "04.Largest3\04.Largest3.csproj", "{272EA63F-8426-4148-A185-CDDAB4C1730B}"
EndProject
Project("{FAE04EC0-301F-11D3-BF4B-00C04F79EFBC}") = "05.UniqueWords", "05.UniqueWords\05.UniqueWords.csproj", "{288DD828-F12A-4015-A562-3DF8E452746E}"
EndProject
Global
	GlobalSection(SolutionConfigurationPlatforms) = preSolution
		Debug|Any CPU = Debug|Any CPU
		Release|Any CPU = Release|Any CPU
	EndGlobalSection
	GlobalSection(ProjectConfigurationPlatforms) = postSolution
		{67772BEE-60CF-4E27-A4B9-37C4A978DFAC}.Debug|Any CPU.ActiveCfg = Debug|Any CPU
		{67772BEE-60CF-4E27-A4B9-37C4A978DFAC}.Debug|Any CPU.Build.0 = Debug|Any CPU
		{67772BEE-60CF-4E27-A4B9-37C4A978DFAC}.Release|Any CPU.ActiveCfg = Release|Any CPU
		{67772BEE-60CF-4E27-A4B9-37C4A978DFAC}.Release|Any CPU.Build.0 = Release|Any CPU
		{31EA4EE3-0900-4AA0-9CEA-354F46ED9AEA}.Debug|Any CPU.ActiveCfg = Debug|Any CPU
		{31EA4EE3-0900-4AA0-9CEA-354F46ED9AEA}.Debug|Any CPU.Build.0 = Debug|Any CPU
		{31EA4EE3-0900-4AA0-9CEA-354F46ED9AEA}.Release|Any CPU.ActiveCfg = Release|Any CPU
		{31EA4EE3-0900-4AA0-9CEA-354F46ED9AEA}.Release|Any CPU.Build.0 = Release|Any CPU
		{1A7115B2-CFDF-4567-B371-AD41D57CD7FD}.Debug|Any CPU.ActiveCfg = Debug|Any CPU
		{1A7115B2-CFDF-4567-B371-AD41D57CD7FD}.Debug|Any CPU.Build.0 = Debug|Any CPU
		{1A7115B2-CFDF-4567-B371-AD41D57CD7FD}.Release|Any CPU.ActiveCfg = Release|Any CPU
		{1A7115B2-CFDF-4567-B371-AD41D57CD7FD}.Release|Any CPU.Build.0 = Release|Any CPU
		{272EA63F-8426-4148-A185-CDDAB4C1730B}.Debug|Any CPU.ActiveCfg = Debug|Any CPU
		{272EA63F-8426-4148-A185-CDDAB4C1730B}.Debug|Any CPU.Build.0 = Debug|Any CPU
		{272EA63F-8426-4148-A185-CDDAB4C1730B}.Release|Any CPU.ActiveCfg = Release|Any CPU
		{272EA63F-8426-4148-A185-CDDAB4C1730B}.Release|Any CPU.Build.0 = Release|Any CPU
		{288DD828-F12A-4015-A562-3DF8E452746E}.Debug|Any CPU.ActiveCfg = Debug|Any CPU
		{288DD828-F12A-4015-A562-3DF8E452746E}.Debug|Any CPU.Build.0 = Debug|Any CPU
		{288DD828-F12A-4015-A562-3DF8E452746E}.Release|Any CPU.ActiveCfg = Release|Any CPU
		{288DD828-F12A-4015-A562-3DF8E452746E}.Release|Any CPU.Build.0 = Release|Any CPU
	EndGlobalSection
	GlobalSection(SolutionProperties) = preSolution
		HideSolutionNode = FALSE
	EndGlobalSection
	GlobalSection(ExtensibilityGlobals) = postSolution
		SolutionGuid = {CA87DB13-3F2D-4517-84DF-AD132CF43248}
	EndGlobalSection
EndGlobal
