
Microsoft Visual Studio Solution File, Format Version 12.00
# Visual Studio 15
VisualStudioVersion = 15.0.26730.16
MinimumVisualStudioVersion = 10.0.40219.1
Project("{FAE04EC0-301F-11D3-BF4B-00C04F79EFBC}") = "Debit Card", "Intro and Basic Syntax\Debit Card.csproj", "{1D64C4A1-8219-4CD1-AE7E-F44FED3D0870}"
EndProject
Project("{FAE04EC0-301F-11D3-BF4B-00C04F79EFBC}") = "RectArea", "RectArea\RectArea.csproj", "{3A8E026E-B87F-4EE5-9A23-8AD98A0EDBF7}"
EndProject
Project("{FAE04EC0-301F-11D3-BF4B-00C04F79EFBC}") = "MilesToKm", "MilesToKm\MilesToKm.csproj", "{C0F70DAC-93E2-4E79-AD2F-756F86B583B6}"
EndProject
Project("{FAE04EC0-301F-11D3-BF4B-00C04F79EFBC}") = "BeverageLabels", "BeverageLabels\BeverageLabels.csproj", "{B03C98BA-7F48-453F-A4CE-4AACF08BE449}"
EndProject
Project("{FAE04EC0-301F-11D3-BF4B-00C04F79EFBC}") = "CharStats", "CharStats\CharStats.csproj", "{310BF1AC-7EEA-4A3D-989F-9C06F36833D6}"
EndProject
Global
	GlobalSection(SolutionConfigurationPlatforms) = preSolution
		Debug|Any CPU = Debug|Any CPU
		Release|Any CPU = Release|Any CPU
	EndGlobalSection
	GlobalSection(ProjectConfigurationPlatforms) = postSolution
		{1D64C4A1-8219-4CD1-AE7E-F44FED3D0870}.Debug|Any CPU.ActiveCfg = Debug|Any CPU
		{1D64C4A1-8219-4CD1-AE7E-F44FED3D0870}.Debug|Any CPU.Build.0 = Debug|Any CPU
		{1D64C4A1-8219-4CD1-AE7E-F44FED3D0870}.Release|Any CPU.ActiveCfg = Release|Any CPU
		{1D64C4A1-8219-4CD1-AE7E-F44FED3D0870}.Release|Any CPU.Build.0 = Release|Any CPU
		{3A8E026E-B87F-4EE5-9A23-8AD98A0EDBF7}.Debug|Any CPU.ActiveCfg = Debug|Any CPU
		{3A8E026E-B87F-4EE5-9A23-8AD98A0EDBF7}.Debug|Any CPU.Build.0 = Debug|Any CPU
		{3A8E026E-B87F-4EE5-9A23-8AD98A0EDBF7}.Release|Any CPU.ActiveCfg = Release|Any CPU
		{3A8E026E-B87F-4EE5-9A23-8AD98A0EDBF7}.Release|Any CPU.Build.0 = Release|Any CPU
		{C0F70DAC-93E2-4E79-AD2F-756F86B583B6}.Debug|Any CPU.ActiveCfg = Debug|Any CPU
		{C0F70DAC-93E2-4E79-AD2F-756F86B583B6}.Debug|Any CPU.Build.0 = Debug|Any CPU
		{C0F70DAC-93E2-4E79-AD2F-756F86B583B6}.Release|Any CPU.ActiveCfg = Release|Any CPU
		{C0F70DAC-93E2-4E79-AD2F-756F86B583B6}.Release|Any CPU.Build.0 = Release|Any CPU
		{B03C98BA-7F48-453F-A4CE-4AACF08BE449}.Debug|Any CPU.ActiveCfg = Debug|Any CPU
		{B03C98BA-7F48-453F-A4CE-4AACF08BE449}.Debug|Any CPU.Build.0 = Debug|Any CPU
		{B03C98BA-7F48-453F-A4CE-4AACF08BE449}.Release|Any CPU.ActiveCfg = Release|Any CPU
		{B03C98BA-7F48-453F-A4CE-4AACF08BE449}.Release|Any CPU.Build.0 = Release|Any CPU
		{310BF1AC-7EEA-4A3D-989F-9C06F36833D6}.Debug|Any CPU.ActiveCfg = Debug|Any CPU
		{310BF1AC-7EEA-4A3D-989F-9C06F36833D6}.Debug|Any CPU.Build.0 = Debug|Any CPU
		{310BF1AC-7EEA-4A3D-989F-9C06F36833D6}.Release|Any CPU.ActiveCfg = Release|Any CPU
		{310BF1AC-7EEA-4A3D-989F-9C06F36833D6}.Release|Any CPU.Build.0 = Release|Any CPU
	EndGlobalSection
	GlobalSection(SolutionProperties) = preSolution
		HideSolutionNode = FALSE
	EndGlobalSection
	GlobalSection(ExtensibilityGlobals) = postSolution
		SolutionGuid = {FA47E1D8-3805-4ECC-903E-DCA2760AAE74}
	EndGlobalSection
EndGlobal
